
Microsoft Visual Studio Solution File, Format Version 12.00
# Visual Studio Version 17
VisualStudioVersion = 17.14.36603.0 d17.14
MinimumVisualStudioVersion = 10.0.40219.1
Project("{FAE04EC0-301F-11D3-BF4B-00C04F79EFBC}") = "Client.WinForms", "Client.WinForms\Client.WinForms.csproj", "{29856C7C-618C-4B2D-B7CE-117E1A0E8E66}"
EndProject
Global
	GlobalSection(SolutionConfigurationPlatforms) = preSolution
		Debug|Any CPU = Debug|Any CPU
		Release|Any CPU = Release|Any CPU
	EndGlobalSection
	GlobalSection(ProjectConfigurationPlatforms) = postSolution
		{29856C7C-618C-4B2D-B7CE-117E1A0E8E66}.Debug|Any CPU.ActiveCfg = Debug|Any CPU
		{29856C7C-618C-4B2D-B7CE-117E1A0E8E66}.Debug|Any CPU.Build.0 = Debug|Any CPU
		{29856C7C-618C-4B2D-B7CE-117E1A0E8E66}.Release|Any CPU.ActiveCfg = Release|Any CPU
		{29856C7C-618C-4B2D-B7CE-117E1A0E8E66}.Release|Any CPU.Build.0 = Release|Any CPU
	EndGlobalSection
	GlobalSection(SolutionProperties) = preSolution
		HideSolutionNode = FALSE
	EndGlobalSection
	GlobalSection(ExtensibilityGlobals) = postSolution
		SolutionGuid = {6C6F24A0-8DE3-4B1F-9742-A1C532076C6C}
	EndGlobalSection
EndGlobal
